
Microsoft Visual Studio Solution File, Format Version 12.00
# Visual Studio Version 17
VisualStudioVersion = 17.0.31903.59
MinimumVisualStudioVersion = 10.0.40219.1
Project("{2150E333-8FDC-42A3-9474-1A3956D46DE8}") = "src", "src", "{827E0CD3-B72D-47B6-A68D-7590B98EB39B}"
EndProject
Project("{2150E333-8FDC-42A3-9474-1A3956D46DE8}") = "core", "core", "{8D626EA8-CB54-BC41-363A-217881BEBA6E}"
EndProject
Project("{FAE04EC0-301F-11D3-BF4B-00C04F79EFBC}") = "Arrow.Core", "src\core\Arrow.Core\Arrow.Core.csproj", "{08B56A00-BD4B-4A35-A9A5-69DE6A67D233}"
EndProject
Project("{FAE04EC0-301F-11D3-BF4B-00C04F79EFBC}") = "Arrow.Core.Test", "src\core\Arrow.Core.Test\Arrow.Core.Test.csproj", "{55A18B16-61EB-4C13-863F-3841FAAA4B94}"
EndProject
Global
	GlobalSection(SolutionConfigurationPlatforms) = preSolution
		Debug|Any CPU = Debug|Any CPU
		Debug|x64 = Debug|x64
		Debug|x86 = Debug|x86
		Release|Any CPU = Release|Any CPU
		Release|x64 = Release|x64
		Release|x86 = Release|x86
	EndGlobalSection
	GlobalSection(ProjectConfigurationPlatforms) = postSolution
		{08B56A00-BD4B-4A35-A9A5-69DE6A67D233}.Debug|Any CPU.ActiveCfg = Debug|Any CPU
		{08B56A00-BD4B-4A35-A9A5-69DE6A67D233}.Debug|Any CPU.Build.0 = Debug|Any CPU
		{08B56A00-BD4B-4A35-A9A5-69DE6A67D233}.Debug|x64.ActiveCfg = Debug|Any CPU
		{08B56A00-BD4B-4A35-A9A5-69DE6A67D233}.Debug|x64.Build.0 = Debug|Any CPU
		{08B56A00-BD4B-4A35-A9A5-69DE6A67D233}.Debug|x86.ActiveCfg = Debug|Any CPU
		{08B56A00-BD4B-4A35-A9A5-69DE6A67D233}.Debug|x86.Build.0 = Debug|Any CPU
		{08B56A00-BD4B-4A35-A9A5-69DE6A67D233}.Release|Any CPU.ActiveCfg = Release|Any CPU
		{08B56A00-BD4B-4A35-A9A5-69DE6A67D233}.Release|Any CPU.Build.0 = Release|Any CPU
		{08B56A00-BD4B-4A35-A9A5-69DE6A67D233}.Release|x64.ActiveCfg = Release|Any CPU
		{08B56A00-BD4B-4A35-A9A5-69DE6A67D233}.Release|x64.Build.0 = Release|Any CPU
		{08B56A00-BD4B-4A35-A9A5-69DE6A67D233}.Release|x86.ActiveCfg = Release|Any CPU
		{08B56A00-BD4B-4A35-A9A5-69DE6A67D233}.Release|x86.Build.0 = Release|Any CPU
		{55A18B16-61EB-4C13-863F-3841FAAA4B94}.Debug|Any CPU.ActiveCfg = Debug|Any CPU
		{55A18B16-61EB-4C13-863F-3841FAAA4B94}.Debug|Any CPU.Build.0 = Debug|Any CPU
		{55A18B16-61EB-4C13-863F-3841FAAA4B94}.Debug|x64.ActiveCfg = Debug|Any CPU
		{55A18B16-61EB-4C13-863F-3841FAAA4B94}.Debug|x64.Build.0 = Debug|Any CPU
		{55A18B16-61EB-4C13-863F-3841FAAA4B94}.Debug|x86.ActiveCfg = Debug|Any CPU
		{55A18B16-61EB-4C13-863F-3841FAAA4B94}.Debug|x86.Build.0 = Debug|Any CPU
		{55A18B16-61EB-4C13-863F-3841FAAA4B94}.Release|Any CPU.ActiveCfg = Release|Any CPU
		{55A18B16-61EB-4C13-863F-3841FAAA4B94}.Release|Any CPU.Build.0 = Release|Any CPU
		{55A18B16-61EB-4C13-863F-3841FAAA4B94}.Release|x64.ActiveCfg = Release|Any CPU
		{55A18B16-61EB-4C13-863F-3841FAAA4B94}.Release|x64.Build.0 = Release|Any CPU
		{55A18B16-61EB-4C13-863F-3841FAAA4B94}.Release|x86.ActiveCfg = Release|Any CPU
		{55A18B16-61EB-4C13-863F-3841FAAA4B94}.Release|x86.Build.0 = Release|Any CPU
	EndGlobalSection
	GlobalSection(SolutionProperties) = preSolution
		HideSolutionNode = FALSE
	EndGlobalSection
	GlobalSection(NestedProjects) = preSolution
		{8D626EA8-CB54-BC41-363A-217881BEBA6E} = {827E0CD3-B72D-47B6-A68D-7590B98EB39B}
		{08B56A00-BD4B-4A35-A9A5-69DE6A67D233} = {8D626EA8-CB54-BC41-363A-217881BEBA6E}
		{55A18B16-61EB-4C13-863F-3841FAAA4B94} = {8D626EA8-CB54-BC41-363A-217881BEBA6E}
	EndGlobalSection
EndGlobal
